
Microsoft Visual Studio Solution File, Format Version 12.00
# Visual Studio 15
VisualStudioVersion = 15.0.27130.2010
MinimumVisualStudioVersion = 10.0.40219.1
Project("{8BC9CEB8-8B4A-11D0-8D11-00A0C91BC942}") = "SecMngServer", "SecMngServer\SecMngServer.vcxproj", "{A80539A3-6A48-4325-907F-1AD89429DDD8}"
EndProject
Global
	GlobalSection(SolutionConfigurationPlatforms) = preSolution
		Debug|ARM = Debug|ARM
		Debug|x64 = Debug|x64
		Debug|x86 = Debug|x86
		Release|ARM = Release|ARM
		Release|x64 = Release|x64
		Release|x86 = Release|x86
	EndGlobalSection
	GlobalSection(ProjectConfigurationPlatforms) = postSolution
		{A80539A3-6A48-4325-907F-1AD89429DDD8}.Debug|ARM.ActiveCfg = Debug|ARM
		{A80539A3-6A48-4325-907F-1AD89429DDD8}.Debug|ARM.Build.0 = Debug|ARM
		{A80539A3-6A48-4325-907F-1AD89429DDD8}.Debug|x64.ActiveCfg = Debug|x64
		{A80539A3-6A48-4325-907F-1AD89429DDD8}.Debug|x64.Build.0 = Debug|x64
		{A80539A3-6A48-4325-907F-1AD89429DDD8}.Debug|x86.ActiveCfg = Debug|x86
		{A80539A3-6A48-4325-907F-1AD89429DDD8}.Debug|x86.Build.0 = Debug|x86
		{A80539A3-6A48-4325-907F-1AD89429DDD8}.Release|ARM.ActiveCfg = Release|ARM
		{A80539A3-6A48-4325-907F-1AD89429DDD8}.Release|ARM.Build.0 = Release|ARM
		{A80539A3-6A48-4325-907F-1AD89429DDD8}.Release|x64.ActiveCfg = Release|x64
		{A80539A3-6A48-4325-907F-1AD89429DDD8}.Release|x64.Build.0 = Release|x64
		{A80539A3-6A48-4325-907F-1AD89429DDD8}.Release|x86.ActiveCfg = Release|x86
		{A80539A3-6A48-4325-907F-1AD89429DDD8}.Release|x86.Build.0 = Release|x86
	EndGlobalSection
	GlobalSection(SolutionProperties) = preSolution
		HideSolutionNode = FALSE
	EndGlobalSection
	GlobalSection(ExtensibilityGlobals) = postSolution
		SolutionGuid = {FCA6729B-E62B-4736-9038-95C07D78FE17}
	EndGlobalSection
EndGlobal
